
Microsoft Visual Studio Solution File, Format Version 12.00
# Visual Studio 2013
VisualStudioVersion = 12.0.31101.0
MinimumVisualStudioVersion = 10.0.40219.1
Project("{FAE04EC0-301F-11D3-BF4B-00C04F79EFBC}") = "CadeMeuTroco", "CadeMeuTroco\CadeMeuTroco.csproj", "{FA51F1B5-35CC-49C8-A1E4-A375854C531C}"
EndProject
Project("{FAE04EC0-301F-11D3-BF4B-00C04F79EFBC}") = "CadeMeuTroco.Core", "CadeMeuTroco.Core\CadeMeuTroco.Core.csproj", "{1AF2F286-C71B-4E68-A83B-CAFA35A1ED5C}"
EndProject
Project("{FAE04EC0-301F-11D3-BF4B-00C04F79EFBC}") = "CadeMeuTrocoTest", "CadeMeuTrocoTeste\CadeMeuTrocoTest.csproj", "{ADF46F94-EE4F-4AF2-B3E9-53B0B94FC223}"
EndProject
Project("{F088123C-0E9E-452A-89E6-6BA2F21D5CAC}") = "CadeMeuTroco.Modeling", "CadeMeuTroco.Moelin\CadeMeuTroco.Modeling.modelproj", "{CF8481A6-F7E9-44A7-A251-17A17411E9F2}"
EndProject
Project("{FAE04EC0-301F-11D3-BF4B-00C04F79EFBC}") = "ClassLibrary1", "ClassLibrary1\ClassLibrary1.csproj", "{28FC4440-D934-406D-A4AF-00FEA913DAEF}"
EndProject
Project("{FAE04EC0-301F-11D3-BF4B-00C04F79EFBC}") = "Profiler", "Profiler\Profiler.csproj", "{A0CB10F2-606C-4F34-B6A8-2AD4D579C570}"
EndProject
Global
	GlobalSection(SolutionConfigurationPlatforms) = preSolution
		Debug|Any CPU = Debug|Any CPU
		Release|Any CPU = Release|Any CPU
	EndGlobalSection
	GlobalSection(ProjectConfigurationPlatforms) = postSolution
		{FA51F1B5-35CC-49C8-A1E4-A375854C531C}.Debug|Any CPU.ActiveCfg = Debug|Any CPU
		{FA51F1B5-35CC-49C8-A1E4-A375854C531C}.Debug|Any CPU.Build.0 = Debug|Any CPU
		{FA51F1B5-35CC-49C8-A1E4-A375854C531C}.Release|Any CPU.ActiveCfg = Release|Any CPU
		{FA51F1B5-35CC-49C8-A1E4-A375854C531C}.Release|Any CPU.Build.0 = Release|Any CPU
		{1AF2F286-C71B-4E68-A83B-CAFA35A1ED5C}.Debug|Any CPU.ActiveCfg = Debug|Any CPU
		{1AF2F286-C71B-4E68-A83B-CAFA35A1ED5C}.Debug|Any CPU.Build.0 = Debug|Any CPU
		{1AF2F286-C71B-4E68-A83B-CAFA35A1ED5C}.Release|Any CPU.ActiveCfg = Release|Any CPU
		{1AF2F286-C71B-4E68-A83B-CAFA35A1ED5C}.Release|Any CPU.Build.0 = Release|Any CPU
		{ADF46F94-EE4F-4AF2-B3E9-53B0B94FC223}.Debug|Any CPU.ActiveCfg = Debug|Any CPU
		{ADF46F94-EE4F-4AF2-B3E9-53B0B94FC223}.Debug|Any CPU.Build.0 = Debug|Any CPU
		{ADF46F94-EE4F-4AF2-B3E9-53B0B94FC223}.Release|Any CPU.ActiveCfg = Release|Any CPU
		{ADF46F94-EE4F-4AF2-B3E9-53B0B94FC223}.Release|Any CPU.Build.0 = Release|Any CPU
		{CF8481A6-F7E9-44A7-A251-17A17411E9F2}.Debug|Any CPU.ActiveCfg = Debug|Any CPU
		{CF8481A6-F7E9-44A7-A251-17A17411E9F2}.Debug|Any CPU.Build.0 = Debug|Any CPU
		{CF8481A6-F7E9-44A7-A251-17A17411E9F2}.Release|Any CPU.ActiveCfg = Release|Any CPU
		{CF8481A6-F7E9-44A7-A251-17A17411E9F2}.Release|Any CPU.Build.0 = Release|Any CPU
		{28FC4440-D934-406D-A4AF-00FEA913DAEF}.Debug|Any CPU.ActiveCfg = Debug|Any CPU
		{28FC4440-D934-406D-A4AF-00FEA913DAEF}.Debug|Any CPU.Build.0 = Debug|Any CPU
		{28FC4440-D934-406D-A4AF-00FEA913DAEF}.Release|Any CPU.ActiveCfg = Release|Any CPU
		{28FC4440-D934-406D-A4AF-00FEA913DAEF}.Release|Any CPU.Build.0 = Release|Any CPU
		{A0CB10F2-606C-4F34-B6A8-2AD4D579C570}.Debug|Any CPU.ActiveCfg = Debug|Any CPU
		{A0CB10F2-606C-4F34-B6A8-2AD4D579C570}.Debug|Any CPU.Build.0 = Debug|Any CPU
		{A0CB10F2-606C-4F34-B6A8-2AD4D579C570}.Release|Any CPU.ActiveCfg = Release|Any CPU
		{A0CB10F2-606C-4F34-B6A8-2AD4D579C570}.Release|Any CPU.Build.0 = Release|Any CPU
	EndGlobalSection
	GlobalSection(SolutionProperties) = preSolution
		HideSolutionNode = FALSE
	EndGlobalSection
	GlobalSection(Performance) = preSolution
		HasPerformanceSessions = true
	EndGlobalSection
EndGlobal
